
Microsoft Visual Studio Solution File, Format Version 12.00
# Visual Studio Version 17
VisualStudioVersion = 17.6.33712.159
MinimumVisualStudioVersion = 10.0.40219.1
Project("{9A19103F-16F7-4668-BE54-9A1E7A4F7556}") = "BookStoreApp", "BookStoreApp\BookStoreApp.csproj", "{09CBF99D-F21C-4D53-A4C8-9BBEC25D9716}"
EndProject
Project("{9A19103F-16F7-4668-BE54-9A1E7A4F7556}") = "Entities", "Entities\Entities.csproj", "{F0C490DB-A540-4E4A-AD64-A030310DDE89}"
EndProject
Project("{9A19103F-16F7-4668-BE54-9A1E7A4F7556}") = "Services", "Service\Services.csproj", "{8FFF0E1A-B120-4EF2-8463-D05556467DEF}"
EndProject
Project("{9A19103F-16F7-4668-BE54-9A1E7A4F7556}") = "Repositories", "Repository\Repositories.csproj", "{2190B015-A640-42FA-A6E8-348800BE3E51}"
EndProject
Global
	GlobalSection(SolutionConfigurationPlatforms) = preSolution
		Debug|Any CPU = Debug|Any CPU
		Release|Any CPU = Release|Any CPU
	EndGlobalSection
	GlobalSection(ProjectConfigurationPlatforms) = postSolution
		{09CBF99D-F21C-4D53-A4C8-9BBEC25D9716}.Debug|Any CPU.ActiveCfg = Debug|Any CPU
		{09CBF99D-F21C-4D53-A4C8-9BBEC25D9716}.Debug|Any CPU.Build.0 = Debug|Any CPU
		{09CBF99D-F21C-4D53-A4C8-9BBEC25D9716}.Release|Any CPU.ActiveCfg = Release|Any CPU
		{09CBF99D-F21C-4D53-A4C8-9BBEC25D9716}.Release|Any CPU.Build.0 = Release|Any CPU
		{F0C490DB-A540-4E4A-AD64-A030310DDE89}.Debug|Any CPU.ActiveCfg = Debug|Any CPU
		{F0C490DB-A540-4E4A-AD64-A030310DDE89}.Debug|Any CPU.Build.0 = Debug|Any CPU
		{F0C490DB-A540-4E4A-AD64-A030310DDE89}.Release|Any CPU.ActiveCfg = Release|Any CPU
		{F0C490DB-A540-4E4A-AD64-A030310DDE89}.Release|Any CPU.Build.0 = Release|Any CPU
		{8FFF0E1A-B120-4EF2-8463-D05556467DEF}.Debug|Any CPU.ActiveCfg = Debug|Any CPU
		{8FFF0E1A-B120-4EF2-8463-D05556467DEF}.Debug|Any CPU.Build.0 = Debug|Any CPU
		{8FFF0E1A-B120-4EF2-8463-D05556467DEF}.Release|Any CPU.ActiveCfg = Release|Any CPU
		{8FFF0E1A-B120-4EF2-8463-D05556467DEF}.Release|Any CPU.Build.0 = Release|Any CPU
		{2190B015-A640-42FA-A6E8-348800BE3E51}.Debug|Any CPU.ActiveCfg = Debug|Any CPU
		{2190B015-A640-42FA-A6E8-348800BE3E51}.Debug|Any CPU.Build.0 = Debug|Any CPU
		{2190B015-A640-42FA-A6E8-348800BE3E51}.Release|Any CPU.ActiveCfg = Release|Any CPU
		{2190B015-A640-42FA-A6E8-348800BE3E51}.Release|Any CPU.Build.0 = Release|Any CPU
	EndGlobalSection
	GlobalSection(SolutionProperties) = preSolution
		HideSolutionNode = FALSE
	EndGlobalSection
	GlobalSection(ExtensibilityGlobals) = postSolution
		SolutionGuid = {7C0C508C-8463-4253-B337-54144C011560}
	EndGlobalSection
EndGlobal
